{
  "name": "test-node",
  "version": "1.0.0",
  "lockfileVersion": 2,
  "requires": true,
  "packages": {
    "": {
      "name": "test-node",
      "version": "1.0.0",
      "license": "ISC",
      "dependencies": {
        "test-node": "^0.0.2"
      }
    },
    "node_modules/test-node": {
      "version": "0.0.2",
      "resolved": "https://registry.npmjs.org/test-node/-/test-node-0.0.2.tgz",
      "integrity": "sha1-BwsnHJIJEcVw99B+8gVO66Z0pXQ="
    }
  },
  "dependencies": {
    "test-node": {
      "version": "0.0.2",
      "resolved": "https://registry.npmjs.org/test-node/-/test-node-0.0.2.tgz",
      "integrity": "sha1-BwsnHJIJEcVw99B+8gVO66Z0pXQ="
    }
  }
}
